
Microsoft Visual Studio Solution File, Format Version 12.00
# Visual Studio Version 17
VisualStudioVersion = 17.4.33103.184
MinimumVisualStudioVersion = 10.0.40219.1
Project("{2150E333-8FDC-42A3-9474-1A3956D46DE8}") = "Src", "Src", "{A98669BD-790C-402C-AA03-1B7E34E0DAD2}"
	ProjectSection(SolutionItems) = preProject
		src_readme.md = src_readme.md
	EndProjectSection
EndProject
Project("{2150E333-8FDC-42A3-9474-1A3956D46DE8}") = "Test", "Test", "{C297EF7E-3CAE-457E-811A-0A2803526648}"
	ProjectSection(SolutionItems) = preProject
		test_readme.md = test_readme.md
	EndProjectSection
EndProject
Project("{9A19103F-16F7-4668-BE54-9A1E7A4F7556}") = "CRM.Frontend", "CRM.Frontend\CRM.Frontend.csproj", "{ACB9ABAF-C11A-4D4C-90D6-D84786312F90}"
EndProject
Project("{FAE04EC0-301F-11D3-BF4B-00C04F79EFBC}") = "CRM.Domain", "CRM.Domain\CRM.Domain.csproj", "{C0BE8C11-239A-4764-926D-66D8DEEB3478}"
EndProject
Project("{FAE04EC0-301F-11D3-BF4B-00C04F79EFBC}") = "CRM.Domain.Test", "CRM.Domain.Test\CRM.Domain.Test.csproj", "{D4E24792-DAC0-4337-948A-83D9A280BE8A}"
EndProject
Project("{FAE04EC0-301F-11D3-BF4B-00C04F79EFBC}") = "CRM.API", "CRM.API\CRM.API.csproj", "{D0A22D90-33C9-443D-84B1-332862874FB7}"
EndProject
Global
	GlobalSection(SolutionConfigurationPlatforms) = preSolution
		Debug|Any CPU = Debug|Any CPU
		Release|Any CPU = Release|Any CPU
	EndGlobalSection
	GlobalSection(ProjectConfigurationPlatforms) = postSolution
		{ACB9ABAF-C11A-4D4C-90D6-D84786312F90}.Debug|Any CPU.ActiveCfg = Debug|Any CPU
		{ACB9ABAF-C11A-4D4C-90D6-D84786312F90}.Debug|Any CPU.Build.0 = Debug|Any CPU
		{ACB9ABAF-C11A-4D4C-90D6-D84786312F90}.Release|Any CPU.ActiveCfg = Release|Any CPU
		{ACB9ABAF-C11A-4D4C-90D6-D84786312F90}.Release|Any CPU.Build.0 = Release|Any CPU
		{C0BE8C11-239A-4764-926D-66D8DEEB3478}.Debug|Any CPU.ActiveCfg = Debug|Any CPU
		{C0BE8C11-239A-4764-926D-66D8DEEB3478}.Debug|Any CPU.Build.0 = Debug|Any CPU
		{C0BE8C11-239A-4764-926D-66D8DEEB3478}.Release|Any CPU.ActiveCfg = Release|Any CPU
		{C0BE8C11-239A-4764-926D-66D8DEEB3478}.Release|Any CPU.Build.0 = Release|Any CPU
		{D4E24792-DAC0-4337-948A-83D9A280BE8A}.Debug|Any CPU.ActiveCfg = Debug|Any CPU
		{D4E24792-DAC0-4337-948A-83D9A280BE8A}.Debug|Any CPU.Build.0 = Debug|Any CPU
		{D4E24792-DAC0-4337-948A-83D9A280BE8A}.Release|Any CPU.ActiveCfg = Release|Any CPU
		{D4E24792-DAC0-4337-948A-83D9A280BE8A}.Release|Any CPU.Build.0 = Release|Any CPU
		{D0A22D90-33C9-443D-84B1-332862874FB7}.Debug|Any CPU.ActiveCfg = Debug|Any CPU
		{D0A22D90-33C9-443D-84B1-332862874FB7}.Debug|Any CPU.Build.0 = Debug|Any CPU
		{D0A22D90-33C9-443D-84B1-332862874FB7}.Release|Any CPU.ActiveCfg = Release|Any CPU
		{D0A22D90-33C9-443D-84B1-332862874FB7}.Release|Any CPU.Build.0 = Release|Any CPU
	EndGlobalSection
	GlobalSection(SolutionProperties) = preSolution
		HideSolutionNode = FALSE
	EndGlobalSection
	GlobalSection(NestedProjects) = preSolution
		{ACB9ABAF-C11A-4D4C-90D6-D84786312F90} = {A98669BD-790C-402C-AA03-1B7E34E0DAD2}
		{C0BE8C11-239A-4764-926D-66D8DEEB3478} = {A98669BD-790C-402C-AA03-1B7E34E0DAD2}
		{D4E24792-DAC0-4337-948A-83D9A280BE8A} = {C297EF7E-3CAE-457E-811A-0A2803526648}
		{D0A22D90-33C9-443D-84B1-332862874FB7} = {A98669BD-790C-402C-AA03-1B7E34E0DAD2}
	EndGlobalSection
	GlobalSection(ExtensibilityGlobals) = postSolution
		SolutionGuid = {E1267C42-A1BB-4B62-8DC1-BDC9903EAC11}
	EndGlobalSection
EndGlobal
